
Microsoft Visual Studio Solution File, Format Version 12.00
Project("{FAE04EC0-301F-11D3-BF4B-00C04F79EFBC}") = "AppointmentCoordination", "src\AppointmentCoordination\AppointmentCoordination.csproj", "{380F60AB-8C93-48F3-BCB8-B15B50237078}"
EndProject
Global
	GlobalSection(SolutionConfigurationPlatforms) = preSolution
		Debug|Any CPU = Debug|Any CPU
		Release|Any CPU = Release|Any CPU
	EndGlobalSection
	GlobalSection(ProjectConfigurationPlatforms) = postSolution
		{380F60AB-8C93-48F3-BCB8-B15B50237078}.Debug|Any CPU.ActiveCfg = Debug|Any CPU
		{380F60AB-8C93-48F3-BCB8-B15B50237078}.Debug|Any CPU.Build.0 = Debug|Any CPU
		{380F60AB-8C93-48F3-BCB8-B15B50237078}.Release|Any CPU.ActiveCfg = Release|Any CPU
		{380F60AB-8C93-48F3-BCB8-B15B50237078}.Release|Any CPU.Build.0 = Release|Any CPU
	EndGlobalSection
EndGlobal
